
Microsoft Visual Studio Solution File, Format Version 12.00
# Visual Studio Version 16
VisualStudioVersion = 16.0.32126.315
MinimumVisualStudioVersion = 10.0.40219.1
Project("{8BC9CEB8-8B4A-11D0-8D11-00A0C91BC942}") = "Beginner_6", "Beginner_6\Beginner_6.vcxproj", "{FD89D6C6-3860-48E3-96FD-EEE3F58CE90F}"
EndProject
Global
	GlobalSection(SolutionConfigurationPlatforms) = preSolution
		Debug|x64 = Debug|x64
		Debug|x86 = Debug|x86
		Release|x64 = Release|x64
		Release|x86 = Release|x86
	EndGlobalSection
	GlobalSection(ProjectConfigurationPlatforms) = postSolution
		{FD89D6C6-3860-48E3-96FD-EEE3F58CE90F}.Debug|x64.ActiveCfg = Debug|x64
		{FD89D6C6-3860-48E3-96FD-EEE3F58CE90F}.Debug|x64.Build.0 = Debug|x64
		{FD89D6C6-3860-48E3-96FD-EEE3F58CE90F}.Debug|x86.ActiveCfg = Debug|Win32
		{FD89D6C6-3860-48E3-96FD-EEE3F58CE90F}.Debug|x86.Build.0 = Debug|Win32
		{FD89D6C6-3860-48E3-96FD-EEE3F58CE90F}.Release|x64.ActiveCfg = Release|x64
		{FD89D6C6-3860-48E3-96FD-EEE3F58CE90F}.Release|x64.Build.0 = Release|x64
		{FD89D6C6-3860-48E3-96FD-EEE3F58CE90F}.Release|x86.ActiveCfg = Release|Win32
		{FD89D6C6-3860-48E3-96FD-EEE3F58CE90F}.Release|x86.Build.0 = Release|Win32
	EndGlobalSection
	GlobalSection(SolutionProperties) = preSolution
		HideSolutionNode = FALSE
	EndGlobalSection
	GlobalSection(ExtensibilityGlobals) = postSolution
		SolutionGuid = {CE5CE672-E19D-45AB-BEAB-629CA1B3F3A3}
	EndGlobalSection
EndGlobal
